{
  "R": {
    "Version": "4.3.1",
    "Repositories": [
      {
        "Name": "CRAN",
        "URL": "https://vps.fmvz.usp.br/CRAN"
      }
    ]
  },
  "Packages": {
    "DBI": {
      "Package": "DBI",
      "Version": "1.1.3",
      "Source": "Repository",
      "Repository": "CRAN",
      "Hash": "b2866e62bab9378c3cc9476a1954226b",
      "Requirements": []
    },
    "KernSmooth": {
      "Package": "KernSmooth",
      "Version": "2.23-21",
      "Source": "Repository",
      "Repository": "CRAN",
      "Hash": "6314fc110e09548ba889491db6ae67fb",
      "Requirements": []
    },
    "MASS": {
      "Package": "MASS",
      "Version": "7.3-60",
      "Source": "Repository",
      "Repository": "CRAN",
      "Hash": "a56a6365b3fa73293ea8d084be0d9bb0",
      "Requirements": []
    },
    "Matrix": {
      "Package": "Matrix",
      "Version": "1.5-4.1",
      "Source": "Repository",
      "Repository": "CRAN",
      "Hash": "38082d362d317745fb932e13956dccbb",
      "Requirements": [
        "lattice"
      ]
    },
    "R6": {
      "Package": "R6",
      "Version": "2.5.1",
      "Source": "Repository",
      "Repository": "CRAN",
      "Hash": "470851b6d5d0ac559e9d01bb352b4021",
      "Requirements": []
    },
    "RColorBrewer": {
      "Package": "RColorBrewer",
      "Version": "1.1-3",
      "Source": "Repository",
      "Repository": "CRAN",
      "Hash": "45f0398006e83a5b10b72a90663d8d8c",
      "Requirements": []
    },
    "Rcpp": {
      "Package": "Rcpp",
      "Version": "1.0.11",
      "Source": "Repository",
      "Repository": "CRAN",
      "Hash": "ae6cbbe1492f4de79c45fce06f967ce8",
      "Requirements": []
    },
    "RcppEigen": {
      "Package": "RcppEigen",
      "Version": "0.3.3.9.3",
      "Source": "Repository",
      "Repository": "CRAN",
      "Hash": "1e035db628cefb315c571202d70202fe",
      "Requirements": [
        "Matrix",
        "Rcpp"
      ]
    },
    "askpass": {
      "Package": "askpass",
      "Version": "1.1",
      "Source": "Repository",
      "Repository": "CRAN",
      "Hash": "e8a22846fff485f0be3770c2da758713",
      "Requirements": [
        "sys"
      ]
    },
    "base64enc": {
      "Package": "base64enc",
      "Version": "0.1-3",
      "Source": "Repository",
      "Repository": "CRAN",
      "Hash": "543776ae6848fde2f48ff3816d0628bc",
      "Requirements": []
    },
    "bit": {
      "Package": "bit",
      "Version": "4.0.5",
      "Source": "Repository",
      "Repository": "CRAN",
      "Hash": "d242abec29412ce988848d0294b208fd",
      "Requirements": []
    },
    "bit64": {
      "Package": "bit64",
      "Version": "4.0.5",
      "Source": "Repository",
      "Repository": "CRAN",
      "Hash": "9fe98599ca456d6552421db0d6772d8f",
      "Requirements": [
        "bit"
      ]
    },
    "bslib": {
      "Package": "bslib",
      "Version": "0.6.1",
      "Source": "Repository",
      "Repository": "CRAN",
      "Hash": "c0d8599494bc7fb408cd206bbdd9cab0",
      "Requirements": [
        "base64enc",
        "cachem",
        "htmltools",
        "jquerylib",
        "jsonlite",
        "lifecycle",
        "memoise",
        "mime",
        "rlang",
        "sass"
      ]
    },
    "cachem": {
      "Package": "cachem",
      "Version": "1.0.8",
      "Source": "Repository",
      "Repository": "CRAN",
      "Hash": "c35768291560ce302c0a6589f92e837d",
      "Requirements": [
        "fastmap",
        "rlang"
      ]
    },
    "cellranger": {
      "Package": "cellranger",
      "Version": "1.1.0",
      "Source": "Repository",
      "Repository": "CRAN",
      "Hash": "f61dbaec772ccd2e17705c1e872e9e7c",
      "Requirements": [
        "rematch",
        "tibble"
      ]
    },
    "class": {
      "Package": "class",
      "Version": "7.3-22",
      "Source": "Repository",
      "Repository": "CRAN",
      "Hash": "f91f6b29f38b8c280f2b9477787d4bb2",
      "Requirements": [
        "MASS"
      ]
    },
    "classInt": {
      "Package": "classInt",
      "Version": "0.4-9",
      "Source": "Repository",
      "Repository": "CRAN",
      "Hash": "bee651a42a89633eccb36dca9d9ab413",
      "Requirements": [
        "KernSmooth",
        "class",
        "e1071"
      ]
    },
    "cli": {
      "Package": "cli",
      "Version": "3.6.2",
      "Source": "Repository",
      "Repository": "CRAN",
      "Hash": "1216ac65ac55ec0058a6f75d7ca0fd52",
      "Requirements": []
    },
    "clipr": {
      "Package": "clipr",
      "Version": "0.8.0",
      "Source": "Repository",
      "Repository": "CRAN",
      "Hash": "3f038e5ac7f41d4ac41ce658c85e3042",
      "Requirements": []
    },
    "colorblindr": {
      "Package": "colorblindr",
      "Version": "0.1.0",
      "Source": "GitHub",
      "RemoteType": "github",
      "RemoteHost": "api.github.com",
      "RemoteRepo": "colorblindr",
      "RemoteUsername": "clauswilke",
      "RemoteRef": "HEAD",
      "RemoteSha": "90d64f8fc50bee7060be577f180ae019a9bbbb84",
      "Hash": "3dc070e7491f82ada52d3ba97e43bef4",
      "Requirements": [
        "colorspace",
        "cowplot",
        "ggplot2",
        "scales",
        "shiny"
      ]
    },
    "colorspace": {
      "Package": "colorspace",
      "Version": "2.1-0",
      "Source": "Repository",
      "Repository": "CRAN",
      "Hash": "f20c47fd52fae58b4e377c37bb8c335b",
      "Requirements": []
    },
    "commonmark": {
      "Package": "commonmark",
      "Version": "1.9.0",
      "Source": "Repository",
      "Repository": "CRAN",
      "Hash": "d691c61bff84bd63c383874d2d0c3307",
      "Requirements": []
    },
    "countrycode": {
      "Package": "countrycode",
      "Version": "1.6.0",
      "Source": "Repository",
      "Repository": "CRAN",
      "Hash": "08b7058813f13c7a1bb294fea9045e3a",
      "Requirements": []
    },
    "cowplot": {
      "Package": "cowplot",
      "Version": "1.1.2",
      "Source": "Repository",
      "Repository": "CRAN",
      "Hash": "ef28211987921217c61b4f4068068dac",
      "Requirements": [
        "ggplot2",
        "gtable",
        "rlang",
        "scales"
      ]
    },
    "cpp11": {
      "Package": "cpp11",
      "Version": "0.4.7",
      "Source": "Repository",
      "Repository": "RSPM",
      "Hash": "5a295d7d963cc5035284dcdbaf334f4e",
      "Requirements": []
    },
    "crayon": {
      "Package": "crayon",
      "Version": "1.5.2",
      "Source": "Repository",
      "Repository": "CRAN",
      "Hash": "e8a1e41acf02548751f45c718d55aa6a",
      "Requirements": []
    },
    "credentials": {
      "Package": "credentials",
      "Version": "1.3.2",
      "Source": "Repository",
      "Repository": "CRAN",
      "Hash": "93762d0a34d78e6a025efdbfb5c6bb41",
      "Requirements": [
        "askpass",
        "curl",
        "jsonlite",
        "openssl",
        "sys"
      ]
    },
    "cropcircles": {
      "Package": "cropcircles",
      "Version": "0.2.4",
      "Source": "Repository",
      "Repository": "CRAN",
      "Hash": "b8c99af635a5d03a20153ede17cc51ec",
      "Requirements": [
        "glue",
        "magick",
        "purrr"
      ]
    },
    "curl": {
      "Package": "curl",
      "Version": "5.0.1",
      "Source": "Repository",
      "Repository": "CRAN",
      "Hash": "2118af9cb164c8d2dddc7b89eaf732d9",
      "Requirements": []
    },
    "desc": {
      "Package": "desc",
      "Version": "1.4.2",
      "Source": "Repository",
      "Repository": "CRAN",
      "Hash": "6b9602c7ebbe87101a9c8edb6e8b6d21",
      "Requirements": [
        "R6",
        "cli",
        "rprojroot"
      ]
    },
    "digest": {
      "Package": "digest",
      "Version": "0.6.33",
      "Source": "Repository",
      "Repository": "CRAN",
      "Hash": "b18a9cf3c003977b0cc49d5e76ebe48d",
      "Requirements": []
    },
    "dplyr": {
      "Package": "dplyr",
      "Version": "1.1.2",
      "Source": "Repository",
      "Repository": "CRAN",
      "Hash": "dea6970ff715ca541c387de363ff405e",
      "Requirements": [
        "R6",
        "cli",
        "generics",
        "glue",
        "lifecycle",
        "magrittr",
        "pillar",
        "rlang",
        "tibble",
        "tidyselect",
        "vctrs"
      ]
    },
    "e1071": {
      "Package": "e1071",
      "Version": "1.7-13",
      "Source": "Repository",
      "Repository": "CRAN",
      "Hash": "1046cb48d06cb40c2900d8878f03a0fe",
      "Requirements": [
        "class",
        "proxy"
      ]
    },
    "ellipsis": {
      "Package": "ellipsis",
      "Version": "0.3.2",
      "Source": "Repository",
      "Repository": "CRAN",
      "Hash": "bb0eec2fe32e88d9e2836c2f73ea2077",
      "Requirements": [
        "rlang"
      ]
    },
    "fansi": {
      "Package": "fansi",
      "Version": "1.0.6",
      "Source": "Repository",
      "Repository": "CRAN",
      "Hash": "962174cf2aeb5b9eea581522286a911f",
      "Requirements": []
    },
    "farver": {
      "Package": "farver",
      "Version": "2.1.1",
      "Source": "Repository",
      "Repository": "CRAN",
      "Hash": "8106d78941f34855c440ddb946b8f7a5",
      "Requirements": []
    },
    "fastmap": {
      "Package": "fastmap",
      "Version": "1.1.1",
      "Source": "Repository",
      "Repository": "CRAN",
      "Hash": "f7736a18de97dea803bde0a2daaafb27",
      "Requirements": []
    },
    "fontawesome": {
      "Package": "fontawesome",
      "Version": "0.5.2",
      "Source": "Repository",
      "Repository": "CRAN",
      "Hash": "c2efdd5f0bcd1ea861c2d4e2a883a67d",
      "Requirements": [
        "htmltools",
        "rlang"
      ]
    },
    "forcats": {
      "Package": "forcats",
      "Version": "1.0.0",
      "Source": "Repository",
      "Repository": "CRAN",
      "Hash": "1a0a9a3d5083d0d573c4214576f1e690",
      "Requirements": [
        "cli",
        "glue",
        "lifecycle",
        "magrittr",
        "rlang",
        "tibble"
      ]
    },
    "fs": {
      "Package": "fs",
      "Version": "1.6.3",
      "Source": "Repository",
      "Repository": "CRAN",
      "Hash": "47b5f30c720c23999b913a1a635cf0bb",
      "Requirements": []
    },
    "generics": {
      "Package": "generics",
      "Version": "0.1.3",
      "Source": "Repository",
      "Repository": "CRAN",
      "Hash": "15e9634c0fcd294799e9b2e929ed1b86",
      "Requirements": []
    },
    "geomtextpath": {
      "Package": "geomtextpath",
      "Version": "0.1.1",
      "Source": "Repository",
      "Repository": "CRAN",
      "Hash": "0fde68ff704fe1323dfe161e64669e3f",
      "Requirements": [
        "ggplot2",
        "rlang",
        "scales",
        "systemfonts",
        "textshaping"
      ]
    },
    "gert": {
      "Package": "gert",
      "Version": "1.9.2",
      "Source": "Repository",
      "Repository": "CRAN",
      "Hash": "9122b3958e749badb5c939f498038b57",
      "Requirements": [
        "askpass",
        "credentials",
        "openssl",
        "rstudioapi",
        "sys",
        "zip"
      ]
    },
    "ggchicklet": {
      "Package": "ggchicklet",
      "Version": "0.6.0",
      "Source": "GitHub",
      "RemoteType": "github",
      "RemoteHost": "api.github.com",
      "RemoteRepo": "ggchicklet",
      "RemoteUsername": "hrbrmstr",
      "RemoteRef": "HEAD",
      "RemoteSha": "64c468dd0900153be1690dbfc5cfb35710da8183",
      "Hash": "7b543869fca551228fb5e0fea535faa1",
      "Requirements": [
        "ggplot2"
      ]
    },
    "ggfittext": {
      "Package": "ggfittext",
      "Version": "0.10.2",
      "Source": "Repository",
      "Repository": "CRAN",
      "Hash": "d8f6698dff551267fc335b9768cda008",
      "Requirements": [
        "cli",
        "ggplot2",
        "gridtext",
        "shades",
        "stringi"
      ]
    },
    "ggforce": {
      "Package": "ggforce",
      "Version": "0.4.1",
      "Source": "Repository",
      "Repository": "CRAN",
      "Hash": "a06503f54e227f79b45a72df2946a2d2",
      "Requirements": [
        "MASS",
        "Rcpp",
        "RcppEigen",
        "cli",
        "ggplot2",
        "gtable",
        "lifecycle",
        "polyclip",
        "rlang",
        "scales",
        "systemfonts",
        "tidyselect",
        "tweenr",
        "vctrs",
        "withr"
      ]
    },
    "ggfun": {
      "Package": "ggfun",
      "Version": "0.1.1",
      "Source": "Repository",
      "Repository": "CRAN",
      "Hash": "f31174df0168499f1aa33bc7f96bfc25",
      "Requirements": [
        "ggplot2",
        "rlang"
      ]
    },
    "ggimage": {
      "Package": "ggimage",
      "Version": "0.3.3",
      "Source": "Repository",
      "Repository": "CRAN",
      "Hash": "18c57347f13a654ef8683a6676042624",
      "Requirements": [
        "ggfun",
        "ggplot2",
        "ggplotify",
        "jsonlite",
        "magick",
        "scales",
        "tibble",
        "withr"
      ]
    },
    "ggpattern": {
      "Package": "ggpattern",
      "Version": "1.0.1",
      "Source": "Repository",
      "Repository": "CRAN",
      "Hash": "1c5980570b0e1d8cd9c08bdd1472d236",
      "Requirements": [
        "ggplot2",
        "glue",
        "gridpattern",
        "rlang",
        "scales"
      ]
    },
    "ggplot2": {
      "Package": "ggplot2",
      "Version": "3.4.4",
      "Source": "Repository",
      "Repository": "CRAN",
      "Hash": "313d31eff2274ecf4c1d3581db7241f9",
      "Requirements": [
        "MASS",
        "cli",
        "glue",
        "gtable",
        "isoband",
        "lifecycle",
        "mgcv",
        "rlang",
        "scales",
        "tibble",
        "vctrs",
        "withr"
      ]
    },
    "ggplotify": {
      "Package": "ggplotify",
      "Version": "0.1.1",
      "Source": "Repository",
      "Repository": "CRAN",
      "Hash": "788dcf9b28f7bbe339338093c3654109",
      "Requirements": [
        "ggplot2",
        "gridGraphics",
        "yulab.utils"
      ]
    },
    "ggradar": {
      "Package": "ggradar",
      "Version": "0.2",
      "Source": "GitHub",
      "RemoteType": "github",
      "RemoteHost": "api.github.com",
      "RemoteRepo": "ggradar",
      "RemoteUsername": "ricardo-bion",
      "RemoteRef": "HEAD",
      "RemoteSha": "53404a563e2629e034cc7dd21afda40d213d1c64",
      "Hash": "674a1662b9c2b13cd34f4443a6fef7c0",
      "Requirements": [
        "forcats",
        "ggplot2"
      ]
    },
    "ggridges": {
      "Package": "ggridges",
      "Version": "0.5.4",
      "Source": "Repository",
      "Repository": "CRAN",
      "Hash": "c76ee8fe60939384b9726128e38caea0",
      "Requirements": [
        "ggplot2",
        "scales",
        "withr"
      ]
    },
    "ggstream": {
      "Package": "ggstream",
      "Version": "0.1.0",
      "Source": "Repository",
      "Repository": "CRAN",
      "Hash": "4512013654d28dbf39dc4a8f5b9bdde2",
      "Requirements": [
        "dplyr",
        "forcats",
        "ggplot2",
        "magrittr",
        "purrr",
        "tidyr"
      ]
    },
    "ggtext": {
      "Package": "ggtext",
      "Version": "0.1.2",
      "Source": "Repository",
      "Repository": "CRAN",
      "Hash": "c5ba8f5056487403a299b91984be86ca",
      "Requirements": [
        "ggplot2",
        "gridtext",
        "rlang",
        "scales"
      ]
    },
    "ggwordcloud": {
      "Package": "ggwordcloud",
      "Version": "0.6.1",
      "Source": "Repository",
      "Repository": "CRAN",
      "Hash": "96e6ce8a30908fd106e462c1a7941454",
      "Requirements": [
        "Rcpp",
        "colorspace",
        "ggplot2",
        "gridtext",
        "png",
        "scales"
      ]
    },
    "gh": {
      "Package": "gh",
      "Version": "1.4.0",
      "Source": "Repository",
      "Repository": "CRAN",
      "Hash": "03533b1c875028233598f848fda44c4c",
      "Requirements": [
        "cli",
        "gitcreds",
        "httr2",
        "ini",
        "jsonlite",
        "rlang"
      ]
    },
    "gitcreds": {
      "Package": "gitcreds",
      "Version": "0.1.2",
      "Source": "Repository",
      "Repository": "CRAN",
      "Hash": "ab08ac61f3e1be454ae21911eb8bc2fe",
      "Requirements": []
    },
    "glue": {
      "Package": "glue",
      "Version": "1.6.2",
      "Source": "Repository",
      "Repository": "CRAN",
      "Hash": "4f2596dfb05dac67b9dc558e5c6fba2e",
      "Requirements": []
    },
    "gridGraphics": {
      "Package": "gridGraphics",
      "Version": "0.5-1",
      "Source": "Repository",
      "Repository": "CRAN",
      "Hash": "5b79228594f02385d4df4979284879ae",
      "Requirements": []
    },
    "gridpattern": {
      "Package": "gridpattern",
      "Version": "1.0.2",
      "Source": "Repository",
      "Repository": "CRAN",
      "Hash": "511a541015f9b9960a088fb7402c3877",
      "Requirements": [
        "glue",
        "memoise",
        "png",
        "rlang",
        "sf"
      ]
    },
    "gridtext": {
      "Package": "gridtext",
      "Version": "0.1.5",
      "Source": "Repository",
      "Repository": "CRAN",
      "Hash": "05e4f5fffb1eecfeaac9ea0b7f255fef",
      "Requirements": [
        "Rcpp",
        "curl",
        "jpeg",
        "markdown",
        "png",
        "rlang",
        "stringr",
        "xml2"
      ]
    },
    "gtable": {
      "Package": "gtable",
      "Version": "0.3.5",
      "Source": "Repository",
      "Repository": "CRAN",
      "Hash": "e18861963cbc65a27736e02b3cd3c4a0",
      "Requirements": [
        "cli",
        "glue",
        "lifecycle",
        "rlang"
      ]
    },
    "here": {
      "Package": "here",
      "Version": "1.0.1",
      "Source": "Repository",
      "Repository": "CRAN",
      "Hash": "24b224366f9c2e7534d2344d10d59211",
      "Requirements": [
        "rprojroot"
      ]
    },
    "hms": {
      "Package": "hms",
      "Version": "1.1.3",
      "Source": "Repository",
      "Repository": "CRAN",
      "Hash": "b59377caa7ed00fa41808342002138f9",
      "Requirements": [
        "lifecycle",
        "pkgconfig",
        "rlang",
        "vctrs"
      ]
    },
    "htmltools": {
      "Package": "htmltools",
      "Version": "0.5.7",
      "Source": "Repository",
      "Repository": "CRAN",
      "Hash": "2d7b3857980e0e0d0a1fd6f11928ab0f",
      "Requirements": [
        "base64enc",
        "digest",
        "ellipsis",
        "fastmap",
        "rlang"
      ]
    },
    "httpuv": {
      "Package": "httpuv",
      "Version": "1.6.13",
      "Source": "Repository",
      "Repository": "CRAN",
      "Hash": "d23d2879001f3d82ee9dc38a9ef53c4c",
      "Requirements": [
        "R6",
        "Rcpp",
        "later",
        "promises"
      ]
    },
    "httr": {
      "Package": "httr",
      "Version": "1.4.6",
      "Source": "Repository",
      "Repository": "CRAN",
      "Hash": "7e5e3cbd2a7bc07880c94e22348fb661",
      "Requirements": [
        "R6",
        "curl",
        "jsonlite",
        "mime",
        "openssl"
      ]
    },
    "httr2": {
      "Package": "httr2",
      "Version": "0.2.3",
      "Source": "Repository",
      "Repository": "CRAN",
      "Hash": "193bb297368afbbb42dc85784a46b36e",
      "Requirements": [
        "R6",
        "cli",
        "curl",
        "glue",
        "magrittr",
        "openssl",
        "rappdirs",
        "rlang",
        "withr"
      ]
    },
    "ini": {
      "Package": "ini",
      "Version": "0.3.1",
      "Source": "Repository",
      "Repository": "CRAN",
      "Hash": "6154ec2223172bce8162d4153cda21f7",
      "Requirements": []
    },
    "isoband": {
      "Package": "isoband",
      "Version": "0.2.7",
      "Source": "Repository",
      "Repository": "CRAN",
      "Hash": "0080607b4a1a7b28979aecef976d8bc2",
      "Requirements": []
    },
    "janitor": {
      "Package": "janitor",
      "Version": "2.2.0",
      "Source": "Repository",
      "Repository": "CRAN",
      "Hash": "5baae149f1082f466df9d1442ba7aa65",
      "Requirements": [
        "dplyr",
        "hms",
        "lifecycle",
        "lubridate",
        "magrittr",
        "purrr",
        "rlang",
        "snakecase",
        "stringi",
        "stringr",
        "tidyr",
        "tidyselect"
      ]
    },
    "jpeg": {
      "Package": "jpeg",
      "Version": "0.1-10",
      "Source": "Repository",
      "Repository": "CRAN",
      "Hash": "031a0b683d001a7519202f0628fc0358",
      "Requirements": []
    },
    "jquerylib": {
      "Package": "jquerylib",
      "Version": "0.1.4",
      "Source": "Repository",
      "Repository": "CRAN",
      "Hash": "5aab57a3bd297eee1c1d862735972182",
      "Requirements": [
        "htmltools"
      ]
    },
    "jsonlite": {
      "Package": "jsonlite",
      "Version": "1.8.8",
      "Source": "Repository",
      "Repository": "CRAN",
      "Hash": "e1b9c55281c5adc4dd113652d9e26768",
      "Requirements": []
    },
    "labeling": {
      "Package": "labeling",
      "Version": "0.4.3",
      "Source": "Repository",
      "Repository": "CRAN",
      "Hash": "b64ec208ac5bc1852b285f665d6368b3",
      "Requirements": []
    },
    "later": {
      "Package": "later",
      "Version": "1.3.2",
      "Source": "Repository",
      "Repository": "CRAN",
      "Hash": "a3e051d405326b8b0012377434c62b37",
      "Requirements": [
        "Rcpp",
        "rlang"
      ]
    },
    "lattice": {
      "Package": "lattice",
      "Version": "0.21-8",
      "Source": "Repository",
      "Repository": "CRAN",
      "Hash": "0b8a6d63c8770f02a8b5635f3c431e6b",
      "Requirements": []
    },
    "lifecycle": {
      "Package": "lifecycle",
      "Version": "1.0.4",
      "Source": "Repository",
      "Repository": "CRAN",
      "Hash": "b8552d117e1b808b09a832f589b79035",
      "Requirements": [
        "cli",
        "glue",
        "rlang"
      ]
    },
    "lubridate": {
      "Package": "lubridate",
      "Version": "1.9.2",
      "Source": "Repository",
      "Repository": "CRAN",
      "Hash": "e25f18436e3efd42c7c590a1c4c15390",
      "Requirements": [
        "generics",
        "timechange"
      ]
    },
    "magick": {
      "Package": "magick",
      "Version": "2.7.4",
      "Source": "Repository",
      "Repository": "CRAN",
      "Hash": "92dd08195d2270e188dcac8d4b219e84",
      "Requirements": [
        "Rcpp",
        "curl",
        "magrittr"
      ]
    },
    "magrittr": {
      "Package": "magrittr",
      "Version": "2.0.3",
      "Source": "Repository",
      "Repository": "CRAN",
      "Hash": "7ce2733a9826b3aeb1775d56fd305472",
      "Requirements": []
    },
    "maps": {
      "Package": "maps",
      "Version": "3.4.2",
      "Source": "Repository",
      "Repository": "CRAN",
      "Hash": "5f7886e53a3b39d4a110c7bd7fce9164",
      "Requirements": []
    },
    "markdown": {
      "Package": "markdown",
      "Version": "1.7",
      "Source": "Repository",
      "Repository": "CRAN",
      "Hash": "0ffaea87c070a56d140ce00b0727b278",
      "Requirements": [
        "commonmark",
        "xfun"
      ]
    },
    "memoise": {
      "Package": "memoise",
      "Version": "2.0.1",
      "Source": "Repository",
      "Repository": "CRAN",
      "Hash": "e2817ccf4a065c5d9d7f2cfbe7c1d78c",
      "Requirements": [
        "cachem",
        "rlang"
      ]
    },
    "mgcv": {
      "Package": "mgcv",
      "Version": "1.8-42",
      "Source": "Repository",
      "Repository": "CRAN",
      "Hash": "3460beba7ccc8946249ba35327ba902a",
      "Requirements": [
        "Matrix",
        "nlme"
      ]
    },
    "mime": {
      "Package": "mime",
      "Version": "0.12",
      "Source": "Repository",
      "Repository": "CRAN",
      "Hash": "18e9c28c1d3ca1560ce30658b22ce104",
      "Requirements": []
    },
    "munsell": {
      "Package": "munsell",
      "Version": "0.5.1",
      "Source": "Repository",
      "Repository": "CRAN",
      "Hash": "4fd8900853b746af55b81fda99da7695",
      "Requirements": [
        "colorspace"
      ]
    },
    "nlme": {
      "Package": "nlme",
      "Version": "3.1-162",
      "Source": "Repository",
      "Repository": "CRAN",
      "Hash": "0984ce8da8da9ead8643c5cbbb60f83e",
      "Requirements": [
        "lattice"
      ]
    },
    "openssl": {
      "Package": "openssl",
      "Version": "2.0.6",
      "Source": "Repository",
      "Repository": "CRAN",
      "Hash": "0f7cd2962e3044bb940cca4f4b5cecbe",
      "Requirements": [
        "askpass"
      ]
    },
    "patchwork": {
      "Package": "patchwork",
      "Version": "1.1.2",
      "Source": "Repository",
      "Repository": "CRAN",
      "Hash": "63b611e9d909a9ed057639d9c3b77152",
      "Requirements": [
        "ggplot2",
        "gtable"
      ]
    },
    "pillar": {
      "Package": "pillar",
      "Version": "1.9.0",
      "Source": "Repository",
      "Repository": "CRAN",
      "Hash": "15da5a8412f317beeee6175fbc76f4bb",
      "Requirements": [
        "cli",
        "fansi",
        "glue",
        "lifecycle",
        "rlang",
        "utf8",
        "vctrs"
      ]
    },
    "pkgconfig": {
      "Package": "pkgconfig",
      "Version": "2.0.3",
      "Source": "Repository",
      "Repository": "CRAN",
      "Hash": "01f28d4278f15c76cddbea05899c5d6f",
      "Requirements": []
    },
    "png": {
      "Package": "png",
      "Version": "0.1-8",
      "Source": "Repository",
      "Repository": "CRAN",
      "Hash": "bd54ba8a0a5faded999a7aab6e46b374",
      "Requirements": []
    },
    "polyclip": {
      "Package": "polyclip",
      "Version": "1.10-4",
      "Source": "Repository",
      "Repository": "CRAN",
      "Hash": "66bbfa06f78108ee967220643596c91e",
      "Requirements": []
    },
    "prettyunits": {
      "Package": "prettyunits",
      "Version": "1.1.1",
      "Source": "Repository",
      "Repository": "CRAN",
      "Hash": "95ef9167b75dde9d2ccc3c7528393e7e",
      "Requirements": []
    },
    "progress": {
      "Package": "progress",
      "Version": "1.2.2",
      "Source": "Repository",
      "Repository": "CRAN",
      "Hash": "14dc9f7a3c91ebb14ec5bb9208a07061",
      "Requirements": [
        "R6",
        "crayon",
        "hms",
        "prettyunits"
      ]
    },
    "promises": {
      "Package": "promises",
      "Version": "1.2.1",
      "Source": "Repository",
      "Repository": "CRAN",
      "Hash": "0d8a15c9d000970ada1ab21405387dee",
      "Requirements": [
        "R6",
        "Rcpp",
        "fastmap",
        "later",
        "magrittr",
        "rlang"
      ]
    },
    "proxy": {
      "Package": "proxy",
      "Version": "0.4-27",
      "Source": "Repository",
      "Repository": "CRAN",
      "Hash": "e0ef355c12942cf7a6b91a6cfaea8b3e",
      "Requirements": []
    },
    "purrr": {
      "Package": "purrr",
      "Version": "1.0.1",
      "Source": "Repository",
      "Repository": "CRAN",
      "Hash": "d71c815267c640f17ddbf7f16144b4bb",
      "Requirements": [
        "cli",
        "lifecycle",
        "magrittr",
        "rlang",
        "vctrs"
      ]
    },
    "rappdirs": {
      "Package": "rappdirs",
      "Version": "0.3.3",
      "Source": "Repository",
      "Repository": "CRAN",
      "Hash": "5e3c5dc0b071b21fa128676560dbe94d",
      "Requirements": []
    },
    "readr": {
      "Package": "readr",
      "Version": "2.1.4",
      "Source": "Repository",
      "Repository": "CRAN",
      "Hash": "b5047343b3825f37ad9d3b5d89aa1078",
      "Requirements": [
        "R6",
        "cli",
        "clipr",
        "cpp11",
        "crayon",
        "hms",
        "lifecycle",
        "rlang",
        "tibble",
        "tzdb",
        "vroom"
      ]
    },
    "readxl": {
      "Package": "readxl",
      "Version": "1.4.3",
      "Source": "Repository",
      "Repository": "CRAN",
      "Hash": "8cf9c239b96df1bbb133b74aef77ad0a",
      "Requirements": [
        "cellranger",
        "cpp11",
        "progress",
        "tibble"
      ]
    },
    "rematch": {
      "Package": "rematch",
      "Version": "1.0.1",
      "Source": "Repository",
      "Repository": "CRAN",
      "Hash": "c66b930d20bb6d858cd18e1cebcfae5c",
      "Requirements": []
    },
    "renv": {
      "Package": "renv",
      "Version": "0.15.4",
      "Source": "Repository",
      "Repository": "CRAN",
      "Hash": "c1078316e1d4f70275fc1ea60c0bc431",
      "Requirements": []
    },
    "rlang": {
      "Package": "rlang",
      "Version": "1.1.2",
      "Source": "Repository",
      "Repository": "CRAN",
      "Hash": "50a6dbdc522936ca35afc5e2082ea91b",
      "Requirements": []
    },
    "rprojroot": {
      "Package": "rprojroot",
      "Version": "2.0.3",
      "Source": "Repository",
      "Repository": "CRAN",
      "Hash": "1de7ab598047a87bba48434ba35d497d",
      "Requirements": []
    },
    "rstudioapi": {
      "Package": "rstudioapi",
      "Version": "0.15.0",
      "Source": "Repository",
      "Repository": "CRAN",
      "Hash": "5564500e25cffad9e22244ced1379887",
      "Requirements": []
    },
    "rvest": {
      "Package": "rvest",
      "Version": "1.0.3",
      "Source": "Repository",
      "Repository": "CRAN",
      "Hash": "a4a5ac819a467808c60e36e92ddf195e",
      "Requirements": [
        "cli",
        "glue",
        "httr",
        "lifecycle",
        "magrittr",
        "rlang",
        "selectr",
        "tibble",
        "withr",
        "xml2"
      ]
    },
    "s2": {
      "Package": "s2",
      "Version": "1.1.4",
      "Source": "Repository",
      "Repository": "CRAN",
      "Hash": "f1cbe03bb3346f8e817518ffa20f9f5a",
      "Requirements": [
        "Rcpp",
        "wk"
      ]
    },
    "sass": {
      "Package": "sass",
      "Version": "0.4.8",
      "Source": "Repository",
      "Repository": "CRAN",
      "Hash": "168f9353c76d4c4b0a0bbf72e2c2d035",
      "Requirements": [
        "R6",
        "fs",
        "htmltools",
        "rappdirs",
        "rlang"
      ]
    },
    "scales": {
      "Package": "scales",
      "Version": "1.3.0",
      "Source": "Repository",
      "Repository": "CRAN",
      "Hash": "c19df082ba346b0ffa6f833e92de34d1",
      "Requirements": [
        "R6",
        "RColorBrewer",
        "cli",
        "farver",
        "glue",
        "labeling",
        "lifecycle",
        "munsell",
        "rlang",
        "viridisLite"
      ]
    },
    "selectr": {
      "Package": "selectr",
      "Version": "0.4-2",
      "Source": "Repository",
      "Repository": "CRAN",
      "Hash": "3838071b66e0c566d55cc26bd6e27bf4",
      "Requirements": [
        "R6",
        "stringr"
      ]
    },
    "sf": {
      "Package": "sf",
      "Version": "1.0-14",
      "Source": "Repository",
      "Repository": "CRAN",
      "Hash": "e2111252a76984ca50bf8d6314348681",
      "Requirements": [
        "DBI",
        "Rcpp",
        "classInt",
        "magrittr",
        "s2",
        "units"
      ]
    },
    "shades": {
      "Package": "shades",
      "Version": "1.4.0",
      "Source": "Repository",
      "Repository": "CRAN",
      "Hash": "3a2cf5eecb2cbca814d01d56bfb51494",
      "Requirements": []
    },
    "shiny": {
      "Package": "shiny",
      "Version": "1.8.0",
      "Source": "Repository",
      "Repository": "CRAN",
      "Hash": "3a1f41807d648a908e3c7f0334bf85e6",
      "Requirements": [
        "R6",
        "bslib",
        "cachem",
        "commonmark",
        "crayon",
        "ellipsis",
        "fastmap",
        "fontawesome",
        "glue",
        "htmltools",
        "httpuv",
        "jsonlite",
        "later",
        "lifecycle",
        "mime",
        "promises",
        "rlang",
        "sourcetools",
        "withr",
        "xtable"
      ]
    },
    "showtext": {
      "Package": "showtext",
      "Version": "0.9-6",
      "Source": "Repository",
      "Repository": "CRAN",
      "Hash": "c0fd332d248b195bbcb94a0dfda37b0d",
      "Requirements": [
        "showtextdb",
        "sysfonts"
      ]
    },
    "showtextdb": {
      "Package": "showtextdb",
      "Version": "3.0",
      "Source": "Repository",
      "Repository": "CRAN",
      "Hash": "c12e756cf947e58b0f2c2a520521a5a8",
      "Requirements": [
        "sysfonts"
      ]
    },
    "snakecase": {
      "Package": "snakecase",
      "Version": "0.11.0",
      "Source": "Repository",
      "Repository": "CRAN",
      "Hash": "4079070fc210c7901c0832a3aeab894f",
      "Requirements": [
        "stringi",
        "stringr"
      ]
    },
    "sourcetools": {
      "Package": "sourcetools",
      "Version": "0.1.7-1",
      "Source": "Repository",
      "Repository": "CRAN",
      "Hash": "5f5a7629f956619d519205ec475fe647",
      "Requirements": []
    },
    "stringi": {
      "Package": "stringi",
      "Version": "1.7.12",
      "Source": "Repository",
      "Repository": "CRAN",
      "Hash": "ca8bd84263c77310739d2cf64d84d7c9",
      "Requirements": []
    },
    "stringr": {
      "Package": "stringr",
      "Version": "1.5.0",
      "Source": "Repository",
      "Repository": "CRAN",
      "Hash": "671a4d384ae9d32fc47a14e98bfa3dc8",
      "Requirements": [
        "cli",
        "glue",
        "lifecycle",
        "magrittr",
        "rlang",
        "stringi",
        "vctrs"
      ]
    },
    "sys": {
      "Package": "sys",
      "Version": "3.4.2",
      "Source": "Repository",
      "Repository": "CRAN",
      "Hash": "3a1be13d68d47a8cd0bfd74739ca1555",
      "Requirements": []
    },
    "sysfonts": {
      "Package": "sysfonts",
      "Version": "0.8.8",
      "Source": "Repository",
      "Repository": "CRAN",
      "Hash": "7f4dac41a3e348ae12832167e6beb875",
      "Requirements": []
    },
    "systemfonts": {
      "Package": "systemfonts",
      "Version": "1.0.4",
      "Source": "Repository",
      "Repository": "CRAN",
      "Hash": "90b28393209827327de889f49935140a",
      "Requirements": [
        "cpp11"
      ]
    },
    "textshaping": {
      "Package": "textshaping",
      "Version": "0.3.6",
      "Source": "Repository",
      "Repository": "CRAN",
      "Hash": "1ab6223d3670fac7143202cb6a2d43d5",
      "Requirements": [
        "cpp11",
        "systemfonts"
      ]
    },
    "tibble": {
      "Package": "tibble",
      "Version": "3.2.1",
      "Source": "Repository",
      "Repository": "CRAN",
      "Hash": "a84e2cc86d07289b3b6f5069df7a004c",
      "Requirements": [
        "fansi",
        "lifecycle",
        "magrittr",
        "pillar",
        "pkgconfig",
        "rlang",
        "vctrs"
      ]
    },
    "tidyr": {
      "Package": "tidyr",
      "Version": "1.3.0",
      "Source": "Repository",
      "Repository": "CRAN",
      "Hash": "e47debdc7ce599b070c8e78e8ac0cfcf",
      "Requirements": [
        "cli",
        "cpp11",
        "dplyr",
        "glue",
        "lifecycle",
        "magrittr",
        "purrr",
        "rlang",
        "stringr",
        "tibble",
        "tidyselect",
        "vctrs"
      ]
    },
    "tidyselect": {
      "Package": "tidyselect",
      "Version": "1.2.0",
      "Source": "Repository",
      "Repository": "CRAN",
      "Hash": "79540e5fcd9e0435af547d885f184fd5",
      "Requirements": [
        "cli",
        "glue",
        "lifecycle",
        "rlang",
        "vctrs",
        "withr"
      ]
    },
    "tidytuesdayR": {
      "Package": "tidytuesdayR",
      "Version": "1.0.2",
      "Source": "Repository",
      "Repository": "CRAN",
      "Hash": "a4d0be55cd1dae117000d040df8ebcc0",
      "Requirements": [
        "httr",
        "jsonlite",
        "lubridate",
        "magrittr",
        "purrr",
        "readr",
        "readxl",
        "rstudioapi",
        "rvest",
        "usethis",
        "xml2"
      ]
    },
    "timechange": {
      "Package": "timechange",
      "Version": "0.2.0",
      "Source": "Repository",
      "Repository": "CRAN",
      "Hash": "8548b44f79a35ba1791308b61e6012d7",
      "Requirements": [
        "cpp11"
      ]
    },
    "treemapify": {
      "Package": "treemapify",
      "Version": "2.5.6",
      "Source": "Repository",
      "Repository": "CRAN",
      "Hash": "bbba5d34efaec259a45f18539b449b9a",
      "Requirements": [
        "cli",
        "ggfittext",
        "ggplot2"
      ]
    },
    "tweenr": {
      "Package": "tweenr",
      "Version": "2.0.2",
      "Source": "Repository",
      "Repository": "CRAN",
      "Hash": "c16efcef4c72d3bff5e65031f3f1f841",
      "Requirements": [
        "cpp11",
        "farver",
        "magrittr",
        "rlang",
        "vctrs"
      ]
    },
    "tzdb": {
      "Package": "tzdb",
      "Version": "0.4.0",
      "Source": "Repository",
      "Repository": "CRAN",
      "Hash": "f561504ec2897f4d46f0c7657e488ae1",
      "Requirements": [
        "cpp11"
      ]
    },
    "units": {
      "Package": "units",
      "Version": "0.8-2",
      "Source": "Repository",
      "Repository": "CRAN",
      "Hash": "422376fe53419adcde4710d43acbcdd0",
      "Requirements": [
        "Rcpp"
      ]
    },
    "usethis": {
      "Package": "usethis",
      "Version": "2.2.2",
      "Source": "Repository",
      "Repository": "CRAN",
      "Hash": "60e51f0b94d0324dc19e44110098fa9f",
      "Requirements": [
        "cli",
        "clipr",
        "crayon",
        "curl",
        "desc",
        "fs",
        "gert",
        "gh",
        "glue",
        "jsonlite",
        "lifecycle",
        "purrr",
        "rappdirs",
        "rlang",
        "rprojroot",
        "rstudioapi",
        "whisker",
        "withr",
        "yaml"
      ]
    },
    "utf8": {
      "Package": "utf8",
      "Version": "1.2.4",
      "Source": "Repository",
      "Repository": "CRAN",
      "Hash": "62b65c52671e6665f803ff02954446e9",
      "Requirements": []
    },
    "vctrs": {
      "Package": "vctrs",
      "Version": "0.6.5",
      "Source": "Repository",
      "Repository": "CRAN",
      "Hash": "c03fa420630029418f7e6da3667aac4a",
      "Requirements": [
        "cli",
        "glue",
        "lifecycle",
        "rlang"
      ]
    },
    "viridisLite": {
      "Package": "viridisLite",
      "Version": "0.4.2",
      "Source": "Repository",
      "Repository": "CRAN",
      "Hash": "c826c7c4241b6fc89ff55aaea3fa7491",
      "Requirements": []
    },
    "vroom": {
      "Package": "vroom",
      "Version": "1.6.3",
      "Source": "Repository",
      "Repository": "CRAN",
      "Hash": "8318e64ffb3a70e652494017ec455561",
      "Requirements": [
        "bit64",
        "cli",
        "cpp11",
        "crayon",
        "glue",
        "hms",
        "lifecycle",
        "progress",
        "rlang",
        "tibble",
        "tidyselect",
        "tzdb",
        "vctrs",
        "withr"
      ]
    },
    "whisker": {
      "Package": "whisker",
      "Version": "0.4.1",
      "Source": "Repository",
      "Repository": "CRAN",
      "Hash": "c6abfa47a46d281a7d5159d0a8891e88",
      "Requirements": []
    },
    "withr": {
      "Package": "withr",
      "Version": "3.0.0",
      "Source": "Repository",
      "Repository": "CRAN",
      "Hash": "d31b6c62c10dcf11ec530ca6b0dd5d35",
      "Requirements": []
    },
    "wk": {
      "Package": "wk",
      "Version": "0.7.3",
      "Source": "Repository",
      "Repository": "CRAN",
      "Hash": "68a7ab6ec1afb5f076172b983c069313",
      "Requirements": []
    },
    "xfun": {
      "Package": "xfun",
      "Version": "0.39",
      "Source": "Repository",
      "Repository": "CRAN",
      "Hash": "8f56e9acb54fb525e66464d57ab58bcb",
      "Requirements": []
    },
    "xml2": {
      "Package": "xml2",
      "Version": "1.3.5",
      "Source": "Repository",
      "Repository": "CRAN",
      "Hash": "6c40e5cfcc6aefd88110666e18c31f40",
      "Requirements": []
    },
    "xtable": {
      "Package": "xtable",
      "Version": "1.8-4",
      "Source": "Repository",
      "Repository": "CRAN",
      "Hash": "b8acdf8af494d9ec19ccb2481a9b11c2",
      "Requirements": []
    },
    "yaml": {
      "Package": "yaml",
      "Version": "2.3.7",
      "Source": "Repository",
      "Repository": "CRAN",
      "Hash": "0d0056cc5383fbc240ccd0cb584bf436",
      "Requirements": []
    },
    "yulab.utils": {
      "Package": "yulab.utils",
      "Version": "0.0.6",
      "Source": "Repository",
      "Repository": "CRAN",
      "Hash": "0d0b7cc6da5efc21f07f6b8d966a9cc1",
      "Requirements": []
    },
    "zip": {
      "Package": "zip",
      "Version": "2.3.0",
      "Source": "Repository",
      "Repository": "CRAN",
      "Hash": "d98c94dacb7e0efcf83b0a133a705504",
      "Requirements": []
    }
  }
}
